
Microsoft Visual Studio Solution File, Format Version 12.00
# Visual Studio 2012
Project("{8BC9CEB8-8B4A-11D0-8D11-00A0C91BC942}") = "TranquilityMath", "TranquilityMath\TranquilityMath.vcxproj", "{5CE105CF-07F9-4BBF-9036-80ED402A9208}"
EndProject
Project("{8BC9CEB8-8B4A-11D0-8D11-00A0C91BC942}") = "MathTest", "MathTest\MathTest.vcxproj", "{AD2B35D2-2128-459C-B737-310A312DD8FA}"
	ProjectSection(ProjectDependencies) = postProject
		{5CE105CF-07F9-4BBF-9036-80ED402A9208} = {5CE105CF-07F9-4BBF-9036-80ED402A9208}
	EndProjectSection
EndProject
Global
	GlobalSection(SolutionConfigurationPlatforms) = preSolution
		Debug|Win32 = Debug|Win32
		Release|Win32 = Release|Win32
	EndGlobalSection
	GlobalSection(ProjectConfigurationPlatforms) = postSolution
		{5CE105CF-07F9-4BBF-9036-80ED402A9208}.Debug|Win32.ActiveCfg = Debug|Win32
		{5CE105CF-07F9-4BBF-9036-80ED402A9208}.Debug|Win32.Build.0 = Debug|Win32
		{5CE105CF-07F9-4BBF-9036-80ED402A9208}.Release|Win32.ActiveCfg = Release|Win32
		{5CE105CF-07F9-4BBF-9036-80ED402A9208}.Release|Win32.Build.0 = Release|Win32
		{AD2B35D2-2128-459C-B737-310A312DD8FA}.Debug|Win32.ActiveCfg = Debug|Win32
		{AD2B35D2-2128-459C-B737-310A312DD8FA}.Debug|Win32.Build.0 = Debug|Win32
		{AD2B35D2-2128-459C-B737-310A312DD8FA}.Release|Win32.ActiveCfg = Release|Win32
		{AD2B35D2-2128-459C-B737-310A312DD8FA}.Release|Win32.Build.0 = Release|Win32
	EndGlobalSection
	GlobalSection(SolutionProperties) = preSolution
		HideSolutionNode = FALSE
	EndGlobalSection
EndGlobal
